PODS:
  - JGProgressHUD (2.0.4)
  - RxCocoa (5.1.1):
    - RxRelay (~> 5)
    - RxSwift (~> 5)
  - RxRelay (5.1.1):
    - RxSwift (~> 5)
  - RxSwift (5.1.1)
  - SDWebImage (4.4.8):
    - SDWebImage/Core (= 4.4.8)
  - SDWebImage/Core (4.4.8)

DEPENDENCIES:
  - JGProgressHUD (~> 2.0.3)
  - RxCocoa
  - RxSwift
  - SDWebImage (~> 4.4.2)

SPEC REPOS:
  trunk:
    - JGProgressHUD
    - RxCocoa
    - RxRelay
    - RxSwift
    - SDWebImage

SPEC CHECKSUMS:
  JGProgressHUD: 62658b14e72cccf179efc7a13bcb54d30b92fc22
  RxCocoa: 32065309a38d29b5b0db858819b5bf9ef038b601
  RxRelay: d77f7d771495f43c556cbc43eebd1bb54d01e8e9
  RxSwift: 81470a2074fa8780320ea5fe4102807cb7118178
  SDWebImage: 783af2c3fa36291a250030c4752ee370a9a51d13

PODFILE CHECKSUM: fc90adeb224d179ad38f70c9e22561e9f3ff7a0b

COCOAPODS: 1.10.0
